
Microsoft Visual Studio Solution File, Format Version 12.00
# Visual Studio Version 17
VisualStudioVersion = 17.6.33606.364
MinimumVisualStudioVersion = 10.0.40219.1
Project("{8BC9CEB8-8B4A-11D0-8D11-00A0C91BC942}") = "IOCPUDP", "IOCPUDP\IOCPUDP.vcxproj", "{325A75CE-D7FA-4FA9-91AA-91EDEA761635}"
EndProject
Project("{8BC9CEB8-8B4A-11D0-8D11-00A0C91BC942}") = "IOCPUDPMT", "IOCPUDPMT\IOCPUDPMT.vcxproj", "{046992B5-C59C-47B1-8FF3-EF250C8EE1D1}"
EndProject
Project("{8BC9CEB8-8B4A-11D0-8D11-00A0C91BC942}") = "IOCPUDPMTGQCSEx", "IOCPUDPMTGQCSEx\IOCPUDPMTGQCSEx.vcxproj", "{06F44E38-CC0A-4C75-99CB-4F3885A1D67E}"
EndProject
Project("{8BC9CEB8-8B4A-11D0-8D11-00A0C91BC942}") = "RIOEventDrivenPolledUDP", "RIOEventDrivenPolledUDP\RIOEventDrivenPolledUDP.vcxproj", "{1005DCB9-67F5-4314-8CA5-762A15CBED78}"
EndProject
Project("{8BC9CEB8-8B4A-11D0-8D11-00A0C91BC942}") = "RIOEventDrivenUDP", "RIOEventDrivenUDP\RIOEventDrivenUDP.vcxproj", "{8F4885B2-84A5-410F-B4E5-89DA0C0FD9A1}"
EndProject
Project("{8BC9CEB8-8B4A-11D0-8D11-00A0C91BC942}") = "RIOIOCPPolledUDPMT", "RIOIOCPPolledUDPMT\RIOIOCPPolledUDPMT.vcxproj", "{5A928D88-9262-4680-ADF1-E0230CB2F6A9}"
EndProject
Project("{8BC9CEB8-8B4A-11D0-8D11-00A0C91BC942}") = "RIOIOCPPolledUDPMTReaderThread", "RIOIOCPPolledUDPMTReaderThread\RIOIOCPPolledUDPMTReaderThread.vcxproj", "{3A4E56C2-0D0A-4F2B-B0FE-3FF7629E31F4}"
EndProject
Project("{8BC9CEB8-8B4A-11D0-8D11-00A0C91BC942}") = "RIOIOCPUDP", "RIOIOCPUDP\RIOIOCPUDP.vcxproj", "{568A728B-10DB-4684-9D42-534951ECEB09}"
EndProject
Project("{8BC9CEB8-8B4A-11D0-8D11-00A0C91BC942}") = "RIOIOCPUDPMT", "RIOIOCPUDPMT\RIOIOCPUDPMT.vcxproj", "{53DAF978-9A3F-4FF7-9D62-3EB46F2FDD90}"
EndProject
Project("{8BC9CEB8-8B4A-11D0-8D11-00A0C91BC942}") = "RIOIOCPUDPMTReaderThread", "RIOIOCPUDPMTReaderThread\RIOIOCPUDPMTReaderThread.vcxproj", "{58DCFD23-74D6-4DAE-B2B9-333A2580A519}"
EndProject
Project("{8BC9CEB8-8B4A-11D0-8D11-00A0C91BC942}") = "RIOPolledUDP", "RIOPolledUDP\RIOPolledUDP.vcxproj", "{D74FD92F-CF6D-42C8-9D55-9AAD089442AE}"
EndProject
Project("{8BC9CEB8-8B4A-11D0-8D11-00A0C91BC942}") = "RIOTest", "RIOTest\RIOTest\RIOTest.vcxproj", "{15409D63-BEDE-4F97-A2E8-D190FEBEA70B}"
EndProject
Project("{8BC9CEB8-8B4A-11D0-8D11-00A0C91BC942}") = "RIOUDPTrafficGenerator", "RIOUDPTrafficGenerator\RIOUDPTrafficGenerator.vcxproj", "{A54BA78D-6347-46CB-A23E-E4BAF2725846}"
EndProject
Project("{8BC9CEB8-8B4A-11D0-8D11-00A0C91BC942}") = "SimplePolledUDP", "SimplePolledUDP\SimplePolledUDP.vcxproj", "{3CF94C75-6AA8-4164-A47F-B0CA2AF66BB6}"
EndProject
Project("{8BC9CEB8-8B4A-11D0-8D11-00A0C91BC942}") = "SimpleUDPTrafficGenerator", "SimpleUDPTrafficGenerator\SimpleUDPTrafficGenerator.vcxproj", "{A3A00723-36D1-4C2D-BD09-9B066F690488}"
EndProject
Global
	GlobalSection(SolutionConfigurationPlatforms) = preSolution
		Debug|x64 = Debug|x64
		Debug|x86 = Debug|x86
		Release|x64 = Release|x64
		Release|x86 = Release|x86
	EndGlobalSection
	GlobalSection(ProjectConfigurationPlatforms) = postSolution
		{325A75CE-D7FA-4FA9-91AA-91EDEA761635}.Debug|x64.ActiveCfg = Debug|x64
		{325A75CE-D7FA-4FA9-91AA-91EDEA761635}.Debug|x64.Build.0 = Debug|x64
		{325A75CE-D7FA-4FA9-91AA-91EDEA761635}.Debug|x86.ActiveCfg = Debug|Win32
		{325A75CE-D7FA-4FA9-91AA-91EDEA761635}.Debug|x86.Build.0 = Debug|Win32
		{325A75CE-D7FA-4FA9-91AA-91EDEA761635}.Release|x64.ActiveCfg = Release|x64
		{325A75CE-D7FA-4FA9-91AA-91EDEA761635}.Release|x64.Build.0 = Release|x64
		{325A75CE-D7FA-4FA9-91AA-91EDEA761635}.Release|x86.ActiveCfg = Release|Win32
		{325A75CE-D7FA-4FA9-91AA-91EDEA761635}.Release|x86.Build.0 = Release|Win32
		{046992B5-C59C-47B1-8FF3-EF250C8EE1D1}.Debug|x64.ActiveCfg = Debug|x64
		{046992B5-C59C-47B1-8FF3-EF250C8EE1D1}.Debug|x64.Build.0 = Debug|x64
		{046992B5-C59C-47B1-8FF3-EF250C8EE1D1}.Debug|x86.ActiveCfg = Debug|Win32
		{046992B5-C59C-47B1-8FF3-EF250C8EE1D1}.Debug|x86.Build.0 = Debug|Win32
		{046992B5-C59C-47B1-8FF3-EF250C8EE1D1}.Release|x64.ActiveCfg = Release|x64
		{046992B5-C59C-47B1-8FF3-EF250C8EE1D1}.Release|x64.Build.0 = Release|x64
		{046992B5-C59C-47B1-8FF3-EF250C8EE1D1}.Release|x86.ActiveCfg = Release|Win32
		{046992B5-C59C-47B1-8FF3-EF250C8EE1D1}.Release|x86.Build.0 = Release|Win32
		{06F44E38-CC0A-4C75-99CB-4F3885A1D67E}.Debug|x64.ActiveCfg = Debug|x64
		{06F44E38-CC0A-4C75-99CB-4F3885A1D67E}.Debug|x64.Build.0 = Debug|x64
		{06F44E38-CC0A-4C75-99CB-4F3885A1D67E}.Debug|x86.ActiveCfg = Debug|Win32
		{06F44E38-CC0A-4C75-99CB-4F3885A1D67E}.Debug|x86.Build.0 = Debug|Win32
		{06F44E38-CC0A-4C75-99CB-4F3885A1D67E}.Release|x64.ActiveCfg = Release|x64
		{06F44E38-CC0A-4C75-99CB-4F3885A1D67E}.Release|x64.Build.0 = Release|x64
		{06F44E38-CC0A-4C75-99CB-4F3885A1D67E}.Release|x86.ActiveCfg = Release|Win32
		{06F44E38-CC0A-4C75-99CB-4F3885A1D67E}.Release|x86.Build.0 = Release|Win32
		{1005DCB9-67F5-4314-8CA5-762A15CBED78}.Debug|x64.ActiveCfg = Debug|x64
		{1005DCB9-67F5-4314-8CA5-762A15CBED78}.Debug|x64.Build.0 = Debug|x64
		{1005DCB9-67F5-4314-8CA5-762A15CBED78}.Debug|x86.ActiveCfg = Debug|Win32
		{1005DCB9-67F5-4314-8CA5-762A15CBED78}.Debug|x86.Build.0 = Debug|Win32
		{1005DCB9-67F5-4314-8CA5-762A15CBED78}.Release|x64.ActiveCfg = Release|x64
		{1005DCB9-67F5-4314-8CA5-762A15CBED78}.Release|x64.Build.0 = Release|x64
		{1005DCB9-67F5-4314-8CA5-762A15CBED78}.Release|x86.ActiveCfg = Release|Win32
		{1005DCB9-67F5-4314-8CA5-762A15CBED78}.Release|x86.Build.0 = Release|Win32
		{8F4885B2-84A5-410F-B4E5-89DA0C0FD9A1}.Debug|x64.ActiveCfg = Debug|x64
		{8F4885B2-84A5-410F-B4E5-89DA0C0FD9A1}.Debug|x64.Build.0 = Debug|x64
		{8F4885B2-84A5-410F-B4E5-89DA0C0FD9A1}.Debug|x86.ActiveCfg = Debug|Win32
		{8F4885B2-84A5-410F-B4E5-89DA0C0FD9A1}.Debug|x86.Build.0 = Debug|Win32
		{8F4885B2-84A5-410F-B4E5-89DA0C0FD9A1}.Release|x64.ActiveCfg = Release|x64
		{8F4885B2-84A5-410F-B4E5-89DA0C0FD9A1}.Release|x64.Build.0 = Release|x64
		{8F4885B2-84A5-410F-B4E5-89DA0C0FD9A1}.Release|x86.ActiveCfg = Release|Win32
		{8F4885B2-84A5-410F-B4E5-89DA0C0FD9A1}.Release|x86.Build.0 = Release|Win32
		{5A928D88-9262-4680-ADF1-E0230CB2F6A9}.Debug|x64.ActiveCfg = Debug|x64
		{5A928D88-9262-4680-ADF1-E0230CB2F6A9}.Debug|x64.Build.0 = Debug|x64
		{5A928D88-9262-4680-ADF1-E0230CB2F6A9}.Debug|x86.ActiveCfg = Debug|Win32
		{5A928D88-9262-4680-ADF1-E0230CB2F6A9}.Debug|x86.Build.0 = Debug|Win32
		{5A928D88-9262-4680-ADF1-E0230CB2F6A9}.Release|x64.ActiveCfg = Release|x64
		{5A928D88-9262-4680-ADF1-E0230CB2F6A9}.Release|x64.Build.0 = Release|x64
		{5A928D88-9262-4680-ADF1-E0230CB2F6A9}.Release|x86.ActiveCfg = Release|Win32
		{5A928D88-9262-4680-ADF1-E0230CB2F6A9}.Release|x86.Build.0 = Release|Win32
		{3A4E56C2-0D0A-4F2B-B0FE-3FF7629E31F4}.Debug|x64.ActiveCfg = Debug|x64
		{3A4E56C2-0D0A-4F2B-B0FE-3FF7629E31F4}.Debug|x64.Build.0 = Debug|x64
		{3A4E56C2-0D0A-4F2B-B0FE-3FF7629E31F4}.Debug|x86.ActiveCfg = Debug|Win32
		{3A4E56C2-0D0A-4F2B-B0FE-3FF7629E31F4}.Debug|x86.Build.0 = Debug|Win32
		{3A4E56C2-0D0A-4F2B-B0FE-3FF7629E31F4}.Release|x64.ActiveCfg = Release|x64
		{3A4E56C2-0D0A-4F2B-B0FE-3FF7629E31F4}.Release|x64.Build.0 = Release|x64
		{3A4E56C2-0D0A-4F2B-B0FE-3FF7629E31F4}.Release|x86.ActiveCfg = Release|Win32
		{3A4E56C2-0D0A-4F2B-B0FE-3FF7629E31F4}.Release|x86.Build.0 = Release|Win32
		{568A728B-10DB-4684-9D42-534951ECEB09}.Debug|x64.ActiveCfg = Debug|x64
		{568A728B-10DB-4684-9D42-534951ECEB09}.Debug|x64.Build.0 = Debug|x64
		{568A728B-10DB-4684-9D42-534951ECEB09}.Debug|x86.ActiveCfg = Debug|Win32
		{568A728B-10DB-4684-9D42-534951ECEB09}.Debug|x86.Build.0 = Debug|Win32
		{568A728B-10DB-4684-9D42-534951ECEB09}.Release|x64.ActiveCfg = Release|x64
		{568A728B-10DB-4684-9D42-534951ECEB09}.Release|x64.Build.0 = Release|x64
		{568A728B-10DB-4684-9D42-534951ECEB09}.Release|x86.ActiveCfg = Release|Win32
		{568A728B-10DB-4684-9D42-534951ECEB09}.Release|x86.Build.0 = Release|Win32
		{53DAF978-9A3F-4FF7-9D62-3EB46F2FDD90}.Debug|x64.ActiveCfg = Debug|x64
		{53DAF978-9A3F-4FF7-9D62-3EB46F2FDD90}.Debug|x64.Build.0 = Debug|x64
		{53DAF978-9A3F-4FF7-9D62-3EB46F2FDD90}.Debug|x86.ActiveCfg = Debug|Win32
		{53DAF978-9A3F-4FF7-9D62-3EB46F2FDD90}.Debug|x86.Build.0 = Debug|Win32
		{53DAF978-9A3F-4FF7-9D62-3EB46F2FDD90}.Release|x64.ActiveCfg = Release|x64
		{53DAF978-9A3F-4FF7-9D62-3EB46F2FDD90}.Release|x64.Build.0 = Release|x64
		{53DAF978-9A3F-4FF7-9D62-3EB46F2FDD90}.Release|x86.ActiveCfg = Release|Win32
		{53DAF978-9A3F-4FF7-9D62-3EB46F2FDD90}.Release|x86.Build.0 = Release|Win32
		{58DCFD23-74D6-4DAE-B2B9-333A2580A519}.Debug|x64.ActiveCfg = Debug|x64
		{58DCFD23-74D6-4DAE-B2B9-333A2580A519}.Debug|x64.Build.0 = Debug|x64
		{58DCFD23-74D6-4DAE-B2B9-333A2580A519}.Debug|x86.ActiveCfg = Debug|Win32
		{58DCFD23-74D6-4DAE-B2B9-333A2580A519}.Debug|x86.Build.0 = Debug|Win32
		{58DCFD23-74D6-4DAE-B2B9-333A2580A519}.Release|x64.ActiveCfg = Release|x64
		{58DCFD23-74D6-4DAE-B2B9-333A2580A519}.Release|x64.Build.0 = Release|x64
		{58DCFD23-74D6-4DAE-B2B9-333A2580A519}.Release|x86.ActiveCfg = Release|Win32
		{58DCFD23-74D6-4DAE-B2B9-333A2580A519}.Release|x86.Build.0 = Release|Win32
		{D74FD92F-CF6D-42C8-9D55-9AAD089442AE}.Debug|x64.ActiveCfg = Debug|x64
		{D74FD92F-CF6D-42C8-9D55-9AAD089442AE}.Debug|x64.Build.0 = Debug|x64
		{D74FD92F-CF6D-42C8-9D55-9AAD089442AE}.Debug|x86.ActiveCfg = Debug|Win32
		{D74FD92F-CF6D-42C8-9D55-9AAD089442AE}.Debug|x86.Build.0 = Debug|Win32
		{D74FD92F-CF6D-42C8-9D55-9AAD089442AE}.Release|x64.ActiveCfg = Release|x64
		{D74FD92F-CF6D-42C8-9D55-9AAD089442AE}.Release|x64.Build.0 = Release|x64
		{D74FD92F-CF6D-42C8-9D55-9AAD089442AE}.Release|x86.ActiveCfg = Release|Win32
		{D74FD92F-CF6D-42C8-9D55-9AAD089442AE}.Release|x86.Build.0 = Release|Win32
		{15409D63-BEDE-4F97-A2E8-D190FEBEA70B}.Debug|x64.ActiveCfg = Debug|Win32
		{15409D63-BEDE-4F97-A2E8-D190FEBEA70B}.Debug|x64.Build.0 = Debug|Win32
		{15409D63-BEDE-4F97-A2E8-D190FEBEA70B}.Debug|x86.ActiveCfg = Debug|Win32
		{15409D63-BEDE-4F97-A2E8-D190FEBEA70B}.Debug|x86.Build.0 = Debug|Win32
		{15409D63-BEDE-4F97-A2E8-D190FEBEA70B}.Release|x64.ActiveCfg = Release|Win32
		{15409D63-BEDE-4F97-A2E8-D190FEBEA70B}.Release|x64.Build.0 = Release|Win32
		{15409D63-BEDE-4F97-A2E8-D190FEBEA70B}.Release|x86.ActiveCfg = Release|Win32
		{15409D63-BEDE-4F97-A2E8-D190FEBEA70B}.Release|x86.Build.0 = Release|Win32
		{A54BA78D-6347-46CB-A23E-E4BAF2725846}.Debug|x64.ActiveCfg = Debug|x64
		{A54BA78D-6347-46CB-A23E-E4BAF2725846}.Debug|x64.Build.0 = Debug|x64
		{A54BA78D-6347-46CB-A23E-E4BAF2725846}.Debug|x86.ActiveCfg = Debug|Win32
		{A54BA78D-6347-46CB-A23E-E4BAF2725846}.Debug|x86.Build.0 = Debug|Win32
		{A54BA78D-6347-46CB-A23E-E4BAF2725846}.Release|x64.ActiveCfg = Release|x64
		{A54BA78D-6347-46CB-A23E-E4BAF2725846}.Release|x64.Build.0 = Release|x64
		{A54BA78D-6347-46CB-A23E-E4BAF2725846}.Release|x86.ActiveCfg = Release|Win32
		{A54BA78D-6347-46CB-A23E-E4BAF2725846}.Release|x86.Build.0 = Release|Win32
		{3CF94C75-6AA8-4164-A47F-B0CA2AF66BB6}.Debug|x64.ActiveCfg = Debug|x64
		{3CF94C75-6AA8-4164-A47F-B0CA2AF66BB6}.Debug|x64.Build.0 = Debug|x64
		{3CF94C75-6AA8-4164-A47F-B0CA2AF66BB6}.Debug|x86.ActiveCfg = Debug|Win32
		{3CF94C75-6AA8-4164-A47F-B0CA2AF66BB6}.Debug|x86.Build.0 = Debug|Win32
		{3CF94C75-6AA8-4164-A47F-B0CA2AF66BB6}.Release|x64.ActiveCfg = Release|x64
		{3CF94C75-6AA8-4164-A47F-B0CA2AF66BB6}.Release|x64.Build.0 = Release|x64
		{3CF94C75-6AA8-4164-A47F-B0CA2AF66BB6}.Release|x86.ActiveCfg = Release|Win32
		{3CF94C75-6AA8-4164-A47F-B0CA2AF66BB6}.Release|x86.Build.0 = Release|Win32
		{A3A00723-36D1-4C2D-BD09-9B066F690488}.Debug|x64.ActiveCfg = Debug|x64
		{A3A00723-36D1-4C2D-BD09-9B066F690488}.Debug|x64.Build.0 = Debug|x64
		{A3A00723-36D1-4C2D-BD09-9B066F690488}.Debug|x86.ActiveCfg = Debug|Win32
		{A3A00723-36D1-4C2D-BD09-9B066F690488}.Debug|x86.Build.0 = Debug|Win32
		{A3A00723-36D1-4C2D-BD09-9B066F690488}.Release|x64.ActiveCfg = Release|x64
		{A3A00723-36D1-4C2D-BD09-9B066F690488}.Release|x64.Build.0 = Release|x64
		{A3A00723-36D1-4C2D-BD09-9B066F690488}.Release|x86.ActiveCfg = Release|Win32
		{A3A00723-36D1-4C2D-BD09-9B066F690488}.Release|x86.Build.0 = Release|Win32
	EndGlobalSection
	GlobalSection(SolutionProperties) = preSolution
		HideSolutionNode = FALSE
	EndGlobalSection
	GlobalSection(ExtensibilityGlobals) = postSolution
		SolutionGuid = {A414CE2A-0845-4D37-9FC2-7A92F44B6EAA}
	EndGlobalSection
EndGlobal
